{
  "nodes": {
    "nixpkgs": {
      "locked": {
        "lastModified": 1784783405,
        "narHash": "sha256-4IHyyLgLBdKefkljdKod4IMn023pQiDXAWJA187cmdY=",
        "owner": "NixOS",
        "repo": "nixpkgs",
        "rev": "7525d999cd850b9a488817abc89c75dc733acf17",
        "type": "github"
      },
      "original": {
        "owner": "NixOS",
        "ref": "nixpkgs-unstable",
        "repo": "nixpkgs",
        "type": "github"
      }
    },
    "nixpkgs-darwin-legacy": {
      "locked": {
        "lastModified": 1784834831,
        "narHash": "sha256-yj0LPLnsmYoLmA3FGANjeTEwej0/DHjZBXWnDQDUuIs=",
        "owner": "NixOS",
        "repo": "nixpkgs",
        "rev": "51fe96f9107566e6b8eeb7fc4ba696c01e548b04",
        "type": "github"
      },
      "original": {
        "owner": "NixOS",
        "ref": "nixpkgs-26.05-darwin",
        "repo": "nixpkgs",
        "type": "github"
      }
    },
    "root": {
      "inputs": {
        "nixpkgs": "nixpkgs",
        "nixpkgs-darwin-legacy": "nixpkgs-darwin-legacy"
      }
    }
  },
  "root": "root",
  "version": 7
}
